hash: a2287b5f51f51637d8ac4c8008f130547a790ca6ccdae9f55ef5400beac6a004
updated: 2017-09-15T18:00:21.758306891-07:00
imports:
- name: github.com/armon/go-metrics
  version: 0a12dc6f6b9da6da644031a1b9b5a85478c5ee27
- name: github.com/boltdb/bolt
  version: fa5367d20c994db73282594be0146ab221657943
- name: github.com/BurntSushi/toml
  version: bbd5bb678321a0d6e58f1099321dfa73391c1b6f
- name: github.com/garyburd/redigo
  version: 433969511232c397de61b1442f9fd49ec06ae9ba
  subpackages:
  - internal
  - redis
- name: github.com/gorilla/context
  version: 08b5f424b9271eedf6f9f0ce86cb9396ed337a42
- name: github.com/gorilla/mux
  version: 24fca303ac6da784b9e8269f724ddeb0b2eea5e7
- name: github.com/hashicorp/go-immutable-radix
  version: 8aac2701530899b64bdea735a1de8da899815220
- name: github.com/hashicorp/go-msgpack
  version: fa3f63826f7c23912c15263591e65d54d080b458
  subpackages:
  - codec
- name: github.com/hashicorp/golang-lru
  version: 0a025b7e63adc15a622f29b0b2c4c3848243bbf6
  subpackages:
  - simplelru
- name: github.com/hashicorp/raft
  version: 3b4d64b29e422f04808b905005eb5a38bf9150e8
- name: github.com/hashicorp/raft-boltdb
  version: a8adffd05b79e3d8b1817d46bbe387a112265b3e
- name: github.com/siddontang/go
  version: cb568a3e5cc06256f91a2da5a87455f717eb33f4
  subpackages:
  - log
  - sync2
- name: golang.org/x/sys
  version: 062cd7e4e68206d8bab9b18396626e855c992658
  subpackages:
  - unix
testImports:
- name: gopkg.in/check.v1
  version: 20d25e2804050c1cd24a7eea1e7a6447dd0e74ec
